
Microsoft Visual Studio Solution File, Format Version 12.00
# Visual Studio Version 16
VisualStudioVersion = 16.0.30404.54
MinimumVisualStudioVersion = 10.0.40219.1
Project("{9A19103F-16F7-4668-BE54-9A1E7A4F7556}") = "System.Security.Cryptography.X509Certificates.Tests", "tests\System.Security.Cryptography.X509Certificates.Tests.csproj", "{A28B0064-EFB2-4B77-B97C-DECF5DAB074E}"
EndProject
Project("{9A19103F-16F7-4668-BE54-9A1E7A4F7556}") = "System.Security.Cryptography.X509Certificates", "ref\System.Security.Cryptography.X509Certificates.csproj", "{B37248D0-B191-4971-AD50-01CFEDF1E09B}"
EndProject
Project("{2150E333-8FDC-42A3-9474-1A3956D46DE8}") = "tests", "tests", "{1A2F9F4A-A032-433E-B914-ADD5992BB178}"
EndProject
Project("{2150E333-8FDC-42A3-9474-1A3956D46DE8}") = "src", "src", "{E107E9C1-E893-4E87-987E-04EF0DCEAEFD}"
EndProject
Project("{2150E333-8FDC-42A3-9474-1A3956D46DE8}") = "ref", "ref", "{2E666815-2EDB-464B-9DF6-380BF4789AD4}"
EndProject
Project("{9A19103F-16F7-4668-BE54-9A1E7A4F7556}") = "TestUtilities", "..\Common\tests\TestUtilities\TestUtilities.csproj", "{B10D4AA3-247D-498A-84DD-ABAE8FE65093}"
EndProject
Project("{2150E333-8FDC-42A3-9474-1A3956D46DE8}") = "Solution Items", "Solution Items", "{F007C469-47F2-4540-951E-C2FF6A3D7AF5}"
	ProjectSection(SolutionItems) = preProject
		global.json = global.json
	EndProjectSection
EndProject
Project("{9A19103F-16F7-4668-BE54-9A1E7A4F7556}") = "System.Security.Cryptography.X509Certificates", "src\System.Security.Cryptography.X509Certificates.csproj", "{07581CD9-FEF8-419B-8FB9-4FCB632C08E7}"
EndProject
Global
	GlobalSection(SolutionConfigurationPlatforms) = preSolution
		Debug|Any CPU = Debug|Any CPU
		Release|Any CPU = Release|Any CPU
	EndGlobalSection
	GlobalSection(ProjectConfigurationPlatforms) = postSolution
		{A28B0064-EFB2-4B77-B97C-DECF5DAB074E}.Debug|Any CPU.ActiveCfg = Debug|Any CPU
		{A28B0064-EFB2-4B77-B97C-DECF5DAB074E}.Debug|Any CPU.Build.0 = Debug|Any CPU
		{A28B0064-EFB2-4B77-B97C-DECF5DAB074E}.Release|Any CPU.ActiveCfg = Release|Any CPU
		{A28B0064-EFB2-4B77-B97C-DECF5DAB074E}.Release|Any CPU.Build.0 = Release|Any CPU
		{B37248D0-B191-4971-AD50-01CFEDF1E09B}.Debug|Any CPU.ActiveCfg = Debug|Any CPU
		{B37248D0-B191-4971-AD50-01CFEDF1E09B}.Debug|Any CPU.Build.0 = Debug|Any CPU
		{B37248D0-B191-4971-AD50-01CFEDF1E09B}.Release|Any CPU.ActiveCfg = Release|Any CPU
		{B37248D0-B191-4971-AD50-01CFEDF1E09B}.Release|Any CPU.Build.0 = Release|Any CPU
		{B10D4AA3-247D-498A-84DD-ABAE8FE65093}.Debug|Any CPU.ActiveCfg = Debug|Any CPU
		{B10D4AA3-247D-498A-84DD-ABAE8FE65093}.Debug|Any CPU.Build.0 = Debug|Any CPU
		{B10D4AA3-247D-498A-84DD-ABAE8FE65093}.Release|Any CPU.ActiveCfg = Release|Any CPU
		{B10D4AA3-247D-498A-84DD-ABAE8FE65093}.Release|Any CPU.Build.0 = Release|Any CPU
		{07581CD9-FEF8-419B-8FB9-4FCB632C08E7}.Debug|Any CPU.ActiveCfg = Debug|Any CPU
		{07581CD9-FEF8-419B-8FB9-4FCB632C08E7}.Debug|Any CPU.Build.0 = Debug|Any CPU
		{07581CD9-FEF8-419B-8FB9-4FCB632C08E7}.Release|Any CPU.ActiveCfg = Release|Any CPU
		{07581CD9-FEF8-419B-8FB9-4FCB632C08E7}.Release|Any CPU.Build.0 = Release|Any CPU
	EndGlobalSection
	GlobalSection(SolutionProperties) = preSolution
		HideSolutionNode = FALSE
	EndGlobalSection
	GlobalSection(NestedProjects) = preSolution
		{A28B0064-EFB2-4B77-B97C-DECF5DAB074E} = {1A2F9F4A-A032-433E-B914-ADD5992BB178}
		{B37248D0-B191-4971-AD50-01CFEDF1E09B} = {2E666815-2EDB-464B-9DF6-380BF4789AD4}
		{B10D4AA3-247D-498A-84DD-ABAE8FE65093} = {1A2F9F4A-A032-433E-B914-ADD5992BB178}
		{07581CD9-FEF8-419B-8FB9-4FCB632C08E7} = {E107E9C1-E893-4E87-987E-04EF0DCEAEFD}
	EndGlobalSection
	GlobalSection(ExtensibilityGlobals) = postSolution
		SolutionGuid = {F153909E-6E31-4502-B353-AAA99D13C50D}
	EndGlobalSection
EndGlobal
